
Microsoft Visual Studio Solution File, Format Version 12.00
# Visual Studio 15
Project("{FAE04EC0-301F-11D3-BF4B-00C04F79EFBC}") = "Assembly-CSharp", "Assembly-CSharp.csproj", "{1FB6B2DD-177E-BEED-0852-C8120FB85377}"
EndProject
Global
	GlobalSection(SolutionConfigurationPlatforms) = preSolution
		Debug|Any CPU = Debug|Any CPU
		Release|Any CPU = Release|Any CPU
	EndGlobalSection
	GlobalSection(ProjectConfigurationPlatforms) = postSolution
		{1FB6B2DD-177E-BEED-0852-C8120FB85377}.Debug|Any CPU.ActiveCfg = Debug|Any CPU
		{1FB6B2DD-177E-BEED-0852-C8120FB85377}.Debug|Any CPU.Build.0 = Debug|Any CPU
		{1FB6B2DD-177E-BEED-0852-C8120FB85377}.Release|Any CPU.ActiveCfg = Release|Any CPU
		{1FB6B2DD-177E-BEED-0852-C8120FB85377}.Release|Any CPU.Build.0 = Release|Any CPU
	EndGlobalSection
	GlobalSection(SolutionProperties) = preSolution
		HideSolutionNode = FALSE
	EndGlobalSection
EndGlobal
